
Microsoft Visual Studio Solution File, Format Version 12.00
Project("{FAE04EC0-301F-11D3-BF4B-00C04F79EFBC}") = "DataStructures", "DataStructures\DataStructures.csproj", "{DB5FD78F-511E-4EBF-B7AC-89DF9783F021}"
EndProject
Project("{FAE04EC0-301F-11D3-BF4B-00C04F79EFBC}") = "DataStructuresTest", "DataStructuresTest\DataStructuresTest.csproj", "{0A0EC0FA-446E-4C08-8583-C9CC1BBFF3FF}"
EndProject
Global
	GlobalSection(SolutionConfigurationPlatforms) = preSolution
		Debug|Any CPU = Debug|Any CPU
		Release|Any CPU = Release|Any CPU
	EndGlobalSection
	GlobalSection(ProjectConfigurationPlatforms) = postSolution
		{DB5FD78F-511E-4EBF-B7AC-89DF9783F021}.Debug|Any CPU.ActiveCfg = Debug|Any CPU
		{DB5FD78F-511E-4EBF-B7AC-89DF9783F021}.Debug|Any CPU.Build.0 = Debug|Any CPU
		{DB5FD78F-511E-4EBF-B7AC-89DF9783F021}.Release|Any CPU.ActiveCfg = Release|Any CPU
		{DB5FD78F-511E-4EBF-B7AC-89DF9783F021}.Release|Any CPU.Build.0 = Release|Any CPU
		{0A0EC0FA-446E-4C08-8583-C9CC1BBFF3FF}.Debug|Any CPU.ActiveCfg = Debug|Any CPU
		{0A0EC0FA-446E-4C08-8583-C9CC1BBFF3FF}.Debug|Any CPU.Build.0 = Debug|Any CPU
		{0A0EC0FA-446E-4C08-8583-C9CC1BBFF3FF}.Release|Any CPU.ActiveCfg = Release|Any CPU
		{0A0EC0FA-446E-4C08-8583-C9CC1BBFF3FF}.Release|Any CPU.Build.0 = Release|Any CPU
	EndGlobalSection
EndGlobal
